
Microsoft Visual Studio Solution File, Format Version 12.00
# Visual Studio 15
VisualStudioVersion = 15.0.28307.329
MinimumVisualStudioVersion = 10.0.40219.1
Project("{FAE04EC0-301F-11D3-BF4B-00C04F79EFBC}") = "RNGfighter.Android", "RNGfighter\RNGfighter.Android\RNGfighter.Android.csproj", "{EB3BE840-9E59-4DFD-804F-F31B57446B46}"
EndProject
Project("{FAE04EC0-301F-11D3-BF4B-00C04F79EFBC}") = "RNGfighter.iOS", "RNGfighter\RNGfighter.iOS\RNGfighter.iOS.csproj", "{714EA3E5-A7B4-4D14-A9DE-706F74B82F2E}"
EndProject
Project("{FAE04EC0-301F-11D3-BF4B-00C04F79EFBC}") = "RNGfighter.UWP", "RNGfighter\RNGfighter.UWP\RNGfighter.UWP.csproj", "{88ADA8B6-B3D5-4311-86E5-D38FF5321374}"
EndProject
Project("{FAE04EC0-301F-11D3-BF4B-00C04F79EFBC}") = "RNGfighter", "RNGfighter\RNGfighter\RNGfighter.csproj", "{F5D2DFCE-C525-44B4-9212-48161CDD0318}"
EndProject
Global
	GlobalSection(SolutionConfigurationPlatforms) = preSolution
		Ad-Hoc|Any CPU = Ad-Hoc|Any CPU
		Ad-Hoc|ARM = Ad-Hoc|ARM
		Ad-Hoc|iPhone = Ad-Hoc|iPhone
		Ad-Hoc|iPhoneSimulator = Ad-Hoc|iPhoneSimulator
		Ad-Hoc|x64 = Ad-Hoc|x64
		Ad-Hoc|x86 = Ad-Hoc|x86
		AppStore|Any CPU = AppStore|Any CPU
		AppStore|ARM = AppStore|ARM
		AppStore|iPhone = AppStore|iPhone
		AppStore|iPhoneSimulator = AppStore|iPhoneSimulator
		AppStore|x64 = AppStore|x64
		AppStore|x86 = AppStore|x86
		Debug|Any CPU = Debug|Any CPU
		Debug|ARM = Debug|ARM
		Debug|iPhone = Debug|iPhone
		Debug|iPhoneSimulator = Debug|iPhoneSimulator
		Debug|x64 = Debug|x64
		Debug|x86 = Debug|x86
		Release|Any CPU = Release|Any CPU
		Release|ARM = Release|ARM
		Release|iPhone = Release|iPhone
		Release|iPhoneSimulator = Release|iPhoneSimulator
		Release|x64 = Release|x64
		Release|x86 = Release|x86
	EndGlobalSection
	GlobalSection(ProjectConfigurationPlatforms) = postSolution
		{EB3BE840-9E59-4DFD-804F-F31B57446B46}.Ad-Hoc|Any CPU.ActiveCfg = Release|Any CPU
		{EB3BE840-9E59-4DFD-804F-F31B57446B46}.Ad-Hoc|Any CPU.Build.0 = Release|Any CPU
		{EB3BE840-9E59-4DFD-804F-F31B57446B46}.Ad-Hoc|Any CPU.Deploy.0 = Release|Any CPU
		{EB3BE840-9E59-4DFD-804F-F31B57446B46}.Ad-Hoc|ARM.ActiveCfg = Release|Any CPU
		{EB3BE840-9E59-4DFD-804F-F31B57446B46}.Ad-Hoc|ARM.Build.0 = Release|Any CPU
		{EB3BE840-9E59-4DFD-804F-F31B57446B46}.Ad-Hoc|ARM.Deploy.0 = Release|Any CPU
		{EB3BE840-9E59-4DFD-804F-F31B57446B46}.Ad-Hoc|iPhone.ActiveCfg = Release|Any CPU
		{EB3BE840-9E59-4DFD-804F-F31B57446B46}.Ad-Hoc|iPhone.Build.0 = Release|Any CPU
		{EB3BE840-9E59-4DFD-804F-F31B57446B46}.Ad-Hoc|iPhone.Deploy.0 = Release|Any CPU
		{EB3BE840-9E59-4DFD-804F-F31B57446B46}.Ad-Hoc|iPhoneSimulator.ActiveCfg = Release|Any CPU
		{EB3BE840-9E59-4DFD-804F-F31B57446B46}.Ad-Hoc|iPhoneSimulator.Build.0 = Release|Any CPU
		{EB3BE840-9E59-4DFD-804F-F31B57446B46}.Ad-Hoc|iPhoneSimulator.Deploy.0 = Release|Any CPU
		{EB3BE840-9E59-4DFD-804F-F31B57446B46}.Ad-Hoc|x64.ActiveCfg = Release|Any CPU
		{EB3BE840-9E59-4DFD-804F-F31B57446B46}.Ad-Hoc|x64.Build.0 = Release|Any CPU
		{EB3BE840-9E59-4DFD-804F-F31B57446B46}.Ad-Hoc|x64.Deploy.0 = Release|Any CPU
		{EB3BE840-9E59-4DFD-804F-F31B57446B46}.Ad-Hoc|x86.ActiveCfg = Release|Any CPU
		{EB3BE840-9E59-4DFD-804F-F31B57446B46}.Ad-Hoc|x86.Build.0 = Release|Any CPU
		{EB3BE840-9E59-4DFD-804F-F31B57446B46}.Ad-Hoc|x86.Deploy.0 = Release|Any CPU
		{EB3BE840-9E59-4DFD-804F-F31B57446B46}.AppStore|Any CPU.ActiveCfg = Release|Any CPU
		{EB3BE840-9E59-4DFD-804F-F31B57446B46}.AppStore|Any CPU.Build.0 = Release|Any CPU
		{EB3BE840-9E59-4DFD-804F-F31B57446B46}.AppStore|Any CPU.Deploy.0 = Release|Any CPU
		{EB3BE840-9E59-4DFD-804F-F31B57446B46}.AppStore|ARM.ActiveCfg = Release|Any CPU
		{EB3BE840-9E59-4DFD-804F-F31B57446B46}.AppStore|ARM.Build.0 = Release|Any CPU
		{EB3BE840-9E59-4DFD-804F-F31B57446B46}.AppStore|ARM.Deploy.0 = Release|Any CPU
		{EB3BE840-9E59-4DFD-804F-F31B57446B46}.AppStore|iPhone.ActiveCfg = Release|Any CPU
		{EB3BE840-9E59-4DFD-804F-F31B57446B46}.AppStore|iPhone.Build.0 = Release|Any CPU
		{EB3BE840-9E59-4DFD-804F-F31B57446B46}.AppStore|iPhone.Deploy.0 = Release|Any CPU
		{EB3BE840-9E59-4DFD-804F-F31B57446B46}.AppStore|iPhoneSimulator.ActiveCfg = Release|Any CPU
		{EB3BE840-9E59-4DFD-804F-F31B57446B46}.AppStore|iPhoneSimulator.Build.0 = Release|Any CPU
		{EB3BE840-9E59-4DFD-804F-F31B57446B46}.AppStore|iPhoneSimulator.Deploy.0 = Release|Any CPU
		{EB3BE840-9E59-4DFD-804F-F31B57446B46}.AppStore|x64.ActiveCfg = Release|Any CPU
		{EB3BE840-9E59-4DFD-804F-F31B57446B46}.AppStore|x64.Build.0 = Release|Any CPU
		{EB3BE840-9E59-4DFD-804F-F31B57446B46}.AppStore|x64.Deploy.0 = Release|Any CPU
		{EB3BE840-9E59-4DFD-804F-F31B57446B46}.AppStore|x86.ActiveCfg = Release|Any CPU
		{EB3BE840-9E59-4DFD-804F-F31B57446B46}.AppStore|x86.Build.0 = Release|Any CPU
		{EB3BE840-9E59-4DFD-804F-F31B57446B46}.AppStore|x86.Deploy.0 = Release|Any CPU
		{EB3BE840-9E59-4DFD-804F-F31B57446B46}.Debug|Any CPU.ActiveCfg = Debug|Any CPU
		{EB3BE840-9E59-4DFD-804F-F31B57446B46}.Debug|Any CPU.Build.0 = Debug|Any CPU
		{EB3BE840-9E59-4DFD-804F-F31B57446B46}.Debug|Any CPU.Deploy.0 = Debug|Any CPU
		{EB3BE840-9E59-4DFD-804F-F31B57446B46}.Debug|ARM.ActiveCfg = Debug|Any CPU
		{EB3BE840-9E59-4DFD-804F-F31B57446B46}.Debug|ARM.Build.0 = Debug|Any CPU
		{EB3BE840-9E59-4DFD-804F-F31B57446B46}.Debug|ARM.Deploy.0 = Debug|Any CPU
		{EB3BE840-9E59-4DFD-804F-F31B57446B46}.Debug|iPhone.ActiveCfg = Debug|Any CPU
		{EB3BE840-9E59-4DFD-804F-F31B57446B46}.Debug|iPhone.Build.0 = Debug|Any CPU
		{EB3BE840-9E59-4DFD-804F-F31B57446B46}.Debug|iPhone.Deploy.0 = Debug|Any CPU
		{EB3BE840-9E59-4DFD-804F-F31B57446B46}.Debug|iPhoneSimulator.ActiveCfg = Debug|Any CPU
		{EB3BE840-9E59-4DFD-804F-F31B57446B46}.Debug|iPhoneSimulator.Build.0 = Debug|Any CPU
		{EB3BE840-9E59-4DFD-804F-F31B57446B46}.Debug|iPhoneSimulator.Deploy.0 = Debug|Any CPU
		{EB3BE840-9E59-4DFD-804F-F31B57446B46}.Debug|x64.ActiveCfg = Debug|Any CPU
		{EB3BE840-9E59-4DFD-804F-F31B57446B46}.Debug|x64.Build.0 = Debug|Any CPU
		{EB3BE840-9E59-4DFD-804F-F31B57446B46}.Debug|x64.Deploy.0 = Debug|Any CPU
		{EB3BE840-9E59-4DFD-804F-F31B57446B46}.Debug|x86.ActiveCfg = Debug|Any CPU
		{EB3BE840-9E59-4DFD-804F-F31B57446B46}.Debug|x86.Build.0 = Debug|Any CPU
		{EB3BE840-9E59-4DFD-804F-F31B57446B46}.Debug|x86.Deploy.0 = Debug|Any CPU
		{EB3BE840-9E59-4DFD-804F-F31B57446B46}.Release|Any CPU.ActiveCfg = Release|Any CPU
		{EB3BE840-9E59-4DFD-804F-F31B57446B46}.Release|Any CPU.Build.0 = Release|Any CPU
		{EB3BE840-9E59-4DFD-804F-F31B57446B46}.Release|Any CPU.Deploy.0 = Release|Any CPU
		{EB3BE840-9E59-4DFD-804F-F31B57446B46}.Release|ARM.ActiveCfg = Release|Any CPU
		{EB3BE840-9E59-4DFD-804F-F31B57446B46}.Release|ARM.Build.0 = Release|Any CPU
		{EB3BE840-9E59-4DFD-804F-F31B57446B46}.Release|ARM.Deploy.0 = Release|Any CPU
		{EB3BE840-9E59-4DFD-804F-F31B57446B46}.Release|iPhone.ActiveCfg = Release|Any CPU
		{EB3BE840-9E59-4DFD-804F-F31B57446B46}.Release|iPhone.Build.0 = Release|Any CPU
		{EB3BE840-9E59-4DFD-804F-F31B57446B46}.Release|iPhone.Deploy.0 = Release|Any CPU
		{EB3BE840-9E59-4DFD-804F-F31B57446B46}.Release|iPhoneSimulator.ActiveCfg = Release|Any CPU
		{EB3BE840-9E59-4DFD-804F-F31B57446B46}.Release|iPhoneSimulator.Build.0 = Release|Any CPU
		{EB3BE840-9E59-4DFD-804F-F31B57446B46}.Release|iPhoneSimulator.Deploy.0 = Release|Any CPU
		{EB3BE840-9E59-4DFD-804F-F31B57446B46}.Release|x64.ActiveCfg = Release|Any CPU
		{EB3BE840-9E59-4DFD-804F-F31B57446B46}.Release|x64.Build.0 = Release|Any CPU
		{EB3BE840-9E59-4DFD-804F-F31B57446B46}.Release|x64.Deploy.0 = Release|Any CPU
		{EB3BE840-9E59-4DFD-804F-F31B57446B46}.Release|x86.ActiveCfg = Release|Any CPU
		{EB3BE840-9E59-4DFD-804F-F31B57446B46}.Release|x86.Build.0 = Release|Any CPU
		{EB3BE840-9E59-4DFD-804F-F31B57446B46}.Release|x86.Deploy.0 = Release|Any CPU
		{714EA3E5-A7B4-4D14-A9DE-706F74B82F2E}.Ad-Hoc|Any CPU.ActiveCfg = Ad-Hoc|iPhone
		{714EA3E5-A7B4-4D14-A9DE-706F74B82F2E}.Ad-Hoc|Any CPU.Build.0 = Ad-Hoc|iPhone
		{714EA3E5-A7B4-4D14-A9DE-706F74B82F2E}.Ad-Hoc|Any CPU.Deploy.0 = Ad-Hoc|iPhone
		{714EA3E5-A7B4-4D14-A9DE-706F74B82F2E}.Ad-Hoc|ARM.ActiveCfg = Ad-Hoc|iPhone
		{714EA3E5-A7B4-4D14-A9DE-706F74B82F2E}.Ad-Hoc|ARM.Build.0 = Ad-Hoc|iPhone
		{714EA3E5-A7B4-4D14-A9DE-706F74B82F2E}.Ad-Hoc|ARM.Deploy.0 = Ad-Hoc|iPhone
		{714EA3E5-A7B4-4D14-A9DE-706F74B82F2E}.Ad-Hoc|iPhone.ActiveCfg = Ad-Hoc|iPhone
		{714EA3E5-A7B4-4D14-A9DE-706F74B82F2E}.Ad-Hoc|iPhone.Build.0 = Ad-Hoc|iPhone
		{714EA3E5-A7B4-4D14-A9DE-706F74B82F2E}.Ad-Hoc|iPhone.Deploy.0 = Ad-Hoc|iPhone
		{714EA3E5-A7B4-4D14-A9DE-706F74B82F2E}.Ad-Hoc|iPhoneSimulator.ActiveCfg = Ad-Hoc|iPhoneSimulator
		{714EA3E5-A7B4-4D14-A9DE-706F74B82F2E}.Ad-Hoc|iPhoneSimulator.Build.0 = Ad-Hoc|iPhoneSimulator
		{714EA3E5-A7B4-4D14-A9DE-706F74B82F2E}.Ad-Hoc|iPhoneSimulator.Deploy.0 = Ad-Hoc|iPhoneSimulator
		{714EA3E5-A7B4-4D14-A9DE-706F74B82F2E}.Ad-Hoc|x64.ActiveCfg = Ad-Hoc|iPhone
		{714EA3E5-A7B4-4D14-A9DE-706F74B82F2E}.Ad-Hoc|x64.Build.0 = Ad-Hoc|iPhone
		{714EA3E5-A7B4-4D14-A9DE-706F74B82F2E}.Ad-Hoc|x64.Deploy.0 = Ad-Hoc|iPhone
		{714EA3E5-A7B4-4D14-A9DE-706F74B82F2E}.Ad-Hoc|x86.ActiveCfg = Ad-Hoc|iPhone
		{714EA3E5-A7B4-4D14-A9DE-706F74B82F2E}.Ad-Hoc|x86.Build.0 = Ad-Hoc|iPhone
		{714EA3E5-A7B4-4D14-A9DE-706F74B82F2E}.Ad-Hoc|x86.Deploy.0 = Ad-Hoc|iPhone
		{714EA3E5-A7B4-4D14-A9DE-706F74B82F2E}.AppStore|Any CPU.ActiveCfg = AppStore|iPhone
		{714EA3E5-A7B4-4D14-A9DE-706F74B82F2E}.AppStore|Any CPU.Build.0 = AppStore|iPhone
		{714EA3E5-A7B4-4D14-A9DE-706F74B82F2E}.AppStore|Any CPU.Deploy.0 = AppStore|iPhone
		{714EA3E5-A7B4-4D14-A9DE-706F74B82F2E}.AppStore|ARM.ActiveCfg = AppStore|iPhone
		{714EA3E5-A7B4-4D14-A9DE-706F74B82F2E}.AppStore|ARM.Build.0 = AppStore|iPhone
		{714EA3E5-A7B4-4D14-A9DE-706F74B82F2E}.AppStore|ARM.Deploy.0 = AppStore|iPhone
		{714EA3E5-A7B4-4D14-A9DE-706F74B82F2E}.AppStore|iPhone.ActiveCfg = AppStore|iPhone
		{714EA3E5-A7B4-4D14-A9DE-706F74B82F2E}.AppStore|iPhone.Build.0 = AppStore|iPhone
		{714EA3E5-A7B4-4D14-A9DE-706F74B82F2E}.AppStore|iPhone.Deploy.0 = AppStore|iPhone
		{714EA3E5-A7B4-4D14-A9DE-706F74B82F2E}.AppStore|iPhoneSimulator.ActiveCfg = AppStore|iPhoneSimulator
		{714EA3E5-A7B4-4D14-A9DE-706F74B82F2E}.AppStore|iPhoneSimulator.Build.0 = AppStore|iPhoneSimulator
		{714EA3E5-A7B4-4D14-A9DE-706F74B82F2E}.AppStore|iPhoneSimulator.Deploy.0 = AppStore|iPhoneSimulator
		{714EA3E5-A7B4-4D14-A9DE-706F74B82F2E}.AppStore|x64.ActiveCfg = AppStore|iPhone
		{714EA3E5-A7B4-4D14-A9DE-706F74B82F2E}.AppStore|x64.Build.0 = AppStore|iPhone
		{714EA3E5-A7B4-4D14-A9DE-706F74B82F2E}.AppStore|x64.Deploy.0 = AppStore|iPhone
		{714EA3E5-A7B4-4D14-A9DE-706F74B82F2E}.AppStore|x86.ActiveCfg = AppStore|iPhone
		{714EA3E5-A7B4-4D14-A9DE-706F74B82F2E}.AppStore|x86.Build.0 = AppStore|iPhone
		{714EA3E5-A7B4-4D14-A9DE-706F74B82F2E}.AppStore|x86.Deploy.0 = AppStore|iPhone
		{714EA3E5-A7B4-4D14-A9DE-706F74B82F2E}.Debug|Any CPU.ActiveCfg = Debug|iPhoneSimulator
		{714EA3E5-A7B4-4D14-A9DE-706F74B82F2E}.Debug|Any CPU.Build.0 = Debug|iPhoneSimulator
		{714EA3E5-A7B4-4D14-A9DE-706F74B82F2E}.Debug|Any CPU.Deploy.0 = Debug|iPhoneSimulator
		{714EA3E5-A7B4-4D14-A9DE-706F74B82F2E}.Debug|ARM.ActiveCfg = Debug|iPhone
		{714EA3E5-A7B4-4D14-A9DE-706F74B82F2E}.Debug|ARM.Build.0 = Debug|iPhone
		{714EA3E5-A7B4-4D14-A9DE-706F74B82F2E}.Debug|ARM.Deploy.0 = Debug|iPhone
		{714EA3E5-A7B4-4D14-A9DE-706F74B82F2E}.Debug|iPhone.ActiveCfg = Debug|iPhone
		{714EA3E5-A7B4-4D14-A9DE-706F74B82F2E}.Debug|iPhone.Build.0 = Debug|iPhone
		{714EA3E5-A7B4-4D14-A9DE-706F74B82F2E}.Debug|iPhone.Deploy.0 = Debug|iPhone
		{714EA3E5-A7B4-4D14-A9DE-706F74B82F2E}.Debug|iPhoneSimulator.ActiveCfg = Debug|iPhoneSimulator
		{714EA3E5-A7B4-4D14-A9DE-706F74B82F2E}.Debug|iPhoneSimulator.Build.0 = Debug|iPhoneSimulator
		{714EA3E5-A7B4-4D14-A9DE-706F74B82F2E}.Debug|iPhoneSimulator.Deploy.0 = Debug|iPhoneSimulator
		{714EA3E5-A7B4-4D14-A9DE-706F74B82F2E}.Debug|x64.ActiveCfg = Debug|iPhone
		{714EA3E5-A7B4-4D14-A9DE-706F74B82F2E}.Debug|x64.Build.0 = Debug|iPhone
		{714EA3E5-A7B4-4D14-A9DE-706F74B82F2E}.Debug|x64.Deploy.0 = Debug|iPhone
		{714EA3E5-A7B4-4D14-A9DE-706F74B82F2E}.Debug|x86.ActiveCfg = Debug|iPhone
		{714EA3E5-A7B4-4D14-A9DE-706F74B82F2E}.Debug|x86.Build.0 = Debug|iPhone
		{714EA3E5-A7B4-4D14-A9DE-706F74B82F2E}.Debug|x86.Deploy.0 = Debug|iPhone
		{714EA3E5-A7B4-4D14-A9DE-706F74B82F2E}.Release|Any CPU.ActiveCfg = Release|iPhone
		{714EA3E5-A7B4-4D14-A9DE-706F74B82F2E}.Release|Any CPU.Build.0 = Release|iPhone
		{714EA3E5-A7B4-4D14-A9DE-706F74B82F2E}.Release|Any CPU.Deploy.0 = Release|iPhone
		{714EA3E5-A7B4-4D14-A9DE-706F74B82F2E}.Release|ARM.ActiveCfg = Release|iPhone
		{714EA3E5-A7B4-4D14-A9DE-706F74B82F2E}.Release|ARM.Build.0 = Release|iPhone
		{714EA3E5-A7B4-4D14-A9DE-706F74B82F2E}.Release|ARM.Deploy.0 = Release|iPhone
		{714EA3E5-A7B4-4D14-A9DE-706F74B82F2E}.Release|iPhone.ActiveCfg = Release|iPhone
		{714EA3E5-A7B4-4D14-A9DE-706F74B82F2E}.Release|iPhone.Build.0 = Release|iPhone
		{714EA3E5-A7B4-4D14-A9DE-706F74B82F2E}.Release|iPhone.Deploy.0 = Release|iPhone
		{714EA3E5-A7B4-4D14-A9DE-706F74B82F2E}.Release|iPhoneSimulator.ActiveCfg = Release|iPhoneSimulator
		{714EA3E5-A7B4-4D14-A9DE-706F74B82F2E}.Release|iPhoneSimulator.Build.0 = Release|iPhoneSimulator
		{714EA3E5-A7B4-4D14-A9DE-706F74B82F2E}.Release|iPhoneSimulator.Deploy.0 = Release|iPhoneSimulator
		{714EA3E5-A7B4-4D14-A9DE-706F74B82F2E}.Release|x64.ActiveCfg = Release|iPhone
		{714EA3E5-A7B4-4D14-A9DE-706F74B82F2E}.Release|x64.Build.0 = Release|iPhone
		{714EA3E5-A7B4-4D14-A9DE-706F74B82F2E}.Release|x64.Deploy.0 = Release|iPhone
		{714EA3E5-A7B4-4D14-A9DE-706F74B82F2E}.Release|x86.ActiveCfg = Release|iPhone
		{714EA3E5-A7B4-4D14-A9DE-706F74B82F2E}.Release|x86.Build.0 = Release|iPhone
		{714EA3E5-A7B4-4D14-A9DE-706F74B82F2E}.Release|x86.Deploy.0 = Release|iPhone
		{88ADA8B6-B3D5-4311-86E5-D38FF5321374}.Ad-Hoc|Any CPU.ActiveCfg = Release|x86
		{88ADA8B6-B3D5-4311-86E5-D38FF5321374}.Ad-Hoc|Any CPU.Build.0 = Release|x86
		{88ADA8B6-B3D5-4311-86E5-D38FF5321374}.Ad-Hoc|Any CPU.Deploy.0 = Release|x86
		{88ADA8B6-B3D5-4311-86E5-D38FF5321374}.Ad-Hoc|ARM.ActiveCfg = Release|ARM
		{88ADA8B6-B3D5-4311-86E5-D38FF5321374}.Ad-Hoc|ARM.Build.0 = Release|ARM
		{88ADA8B6-B3D5-4311-86E5-D38FF5321374}.Ad-Hoc|ARM.Deploy.0 = Release|ARM
		{88ADA8B6-B3D5-4311-86E5-D38FF5321374}.Ad-Hoc|iPhone.ActiveCfg = Release|x86
		{88ADA8B6-B3D5-4311-86E5-D38FF5321374}.Ad-Hoc|iPhone.Build.0 = Release|x86
		{88ADA8B6-B3D5-4311-86E5-D38FF5321374}.Ad-Hoc|iPhone.Deploy.0 = Release|x86
		{88ADA8B6-B3D5-4311-86E5-D38FF5321374}.Ad-Hoc|iPhoneSimulator.ActiveCfg = Release|x86
		{88ADA8B6-B3D5-4311-86E5-D38FF5321374}.Ad-Hoc|iPhoneSimulator.Build.0 = Release|x86
		{88ADA8B6-B3D5-4311-86E5-D38FF5321374}.Ad-Hoc|iPhoneSimulator.Deploy.0 = Release|x86
		{88ADA8B6-B3D5-4311-86E5-D38FF5321374}.Ad-Hoc|x64.ActiveCfg = Release|x64
		{88ADA8B6-B3D5-4311-86E5-D38FF5321374}.Ad-Hoc|x64.Build.0 = Release|x64
		{88ADA8B6-B3D5-4311-86E5-D38FF5321374}.Ad-Hoc|x64.Deploy.0 = Release|x64
		{88ADA8B6-B3D5-4311-86E5-D38FF5321374}.Ad-Hoc|x86.ActiveCfg = Release|x86
		{88ADA8B6-B3D5-4311-86E5-D38FF5321374}.Ad-Hoc|x86.Build.0 = Release|x86
		{88ADA8B6-B3D5-4311-86E5-D38FF5321374}.Ad-Hoc|x86.Deploy.0 = Release|x86
		{88ADA8B6-B3D5-4311-86E5-D38FF5321374}.AppStore|Any CPU.ActiveCfg = Release|x86
		{88ADA8B6-B3D5-4311-86E5-D38FF5321374}.AppStore|Any CPU.Build.0 = Release|x86
		{88ADA8B6-B3D5-4311-86E5-D38FF5321374}.AppStore|Any CPU.Deploy.0 = Release|x86
		{88ADA8B6-B3D5-4311-86E5-D38FF5321374}.AppStore|ARM.ActiveCfg = Release|ARM
		{88ADA8B6-B3D5-4311-86E5-D38FF5321374}.AppStore|ARM.Build.0 = Release|ARM
		{88ADA8B6-B3D5-4311-86E5-D38FF5321374}.AppStore|ARM.Deploy.0 = Release|ARM
		{88ADA8B6-B3D5-4311-86E5-D38FF5321374}.AppStore|iPhone.ActiveCfg = Release|x86
		{88ADA8B6-B3D5-4311-86E5-D38FF5321374}.AppStore|iPhone.Build.0 = Release|x86
		{88ADA8B6-B3D5-4311-86E5-D38FF5321374}.AppStore|iPhone.Deploy.0 = Release|x86
		{88ADA8B6-B3D5-4311-86E5-D38FF5321374}.AppStore|iPhoneSimulator.ActiveCfg = Release|x86
		{88ADA8B6-B3D5-4311-86E5-D38FF5321374}.AppStore|iPhoneSimulator.Build.0 = Release|x86
		{88ADA8B6-B3D5-4311-86E5-D38FF5321374}.AppStore|iPhoneSimulator.Deploy.0 = Release|x86
		{88ADA8B6-B3D5-4311-86E5-D38FF5321374}.AppStore|x64.ActiveCfg = Release|x64
		{88ADA8B6-B3D5-4311-86E5-D38FF5321374}.AppStore|x64.Build.0 = Release|x64
		{88ADA8B6-B3D5-4311-86E5-D38FF5321374}.AppStore|x64.Deploy.0 = Release|x64
		{88ADA8B6-B3D5-4311-86E5-D38FF5321374}.AppStore|x86.ActiveCfg = Release|x86
		{88ADA8B6-B3D5-4311-86E5-D38FF5321374}.AppStore|x86.Build.0 = Release|x86
		{88ADA8B6-B3D5-4311-86E5-D38FF5321374}.AppStore|x86.Deploy.0 = Release|x86
		{88ADA8B6-B3D5-4311-86E5-D38FF5321374}.Debug|Any CPU.ActiveCfg = Debug|x86
		{88ADA8B6-B3D5-4311-86E5-D38FF5321374}.Debug|Any CPU.Build.0 = Debug|x86
		{88ADA8B6-B3D5-4311-86E5-D38FF5321374}.Debug|Any CPU.Deploy.0 = Debug|x86
		{88ADA8B6-B3D5-4311-86E5-D38FF5321374}.Debug|ARM.ActiveCfg = Debug|ARM
		{88ADA8B6-B3D5-4311-86E5-D38FF5321374}.Debug|ARM.Build.0 = Debug|ARM
		{88ADA8B6-B3D5-4311-86E5-D38FF5321374}.Debug|ARM.Deploy.0 = Debug|ARM
		{88ADA8B6-B3D5-4311-86E5-D38FF5321374}.Debug|iPhone.ActiveCfg = Debug|x86
		{88ADA8B6-B3D5-4311-86E5-D38FF5321374}.Debug|iPhone.Build.0 = Debug|x86
		{88ADA8B6-B3D5-4311-86E5-D38FF5321374}.Debug|iPhone.Deploy.0 = Debug|x86
		{88ADA8B6-B3D5-4311-86E5-D38FF5321374}.Debug|iPhoneSimulator.ActiveCfg = Debug|x86
		{88ADA8B6-B3D5-4311-86E5-D38FF5321374}.Debug|iPhoneSimulator.Build.0 = Debug|x86
		{88ADA8B6-B3D5-4311-86E5-D38FF5321374}.Debug|iPhoneSimulator.Deploy.0 = Debug|x86
		{88ADA8B6-B3D5-4311-86E5-D38FF5321374}.Debug|x64.ActiveCfg = Debug|x64
		{88ADA8B6-B3D5-4311-86E5-D38FF5321374}.Debug|x64.Build.0 = Debug|x64
		{88ADA8B6-B3D5-4311-86E5-D38FF5321374}.Debug|x64.Deploy.0 = Debug|x64
		{88ADA8B6-B3D5-4311-86E5-D38FF5321374}.Debug|x86.ActiveCfg = Debug|x86
		{88ADA8B6-B3D5-4311-86E5-D38FF5321374}.Debug|x86.Build.0 = Debug|x86
		{88ADA8B6-B3D5-4311-86E5-D38FF5321374}.Debug|x86.Deploy.0 = Debug|x86
		{88ADA8B6-B3D5-4311-86E5-D38FF5321374}.Release|Any CPU.ActiveCfg = Release|x86
		{88ADA8B6-B3D5-4311-86E5-D38FF5321374}.Release|Any CPU.Build.0 = Release|x86
		{88ADA8B6-B3D5-4311-86E5-D38FF5321374}.Release|Any CPU.Deploy.0 = Release|x86
		{88ADA8B6-B3D5-4311-86E5-D38FF5321374}.Release|ARM.ActiveCfg = Release|ARM
		{88ADA8B6-B3D5-4311-86E5-D38FF5321374}.Release|ARM.Build.0 = Release|ARM
		{88ADA8B6-B3D5-4311-86E5-D38FF5321374}.Release|ARM.Deploy.0 = Release|ARM
		{88ADA8B6-B3D5-4311-86E5-D38FF5321374}.Release|iPhone.ActiveCfg = Release|x86
		{88ADA8B6-B3D5-4311-86E5-D38FF5321374}.Release|iPhone.Build.0 = Release|x86
		{88ADA8B6-B3D5-4311-86E5-D38FF5321374}.Release|iPhone.Deploy.0 = Release|x86
		{88ADA8B6-B3D5-4311-86E5-D38FF5321374}.Release|iPhoneSimulator.ActiveCfg = Release|x86
		{88ADA8B6-B3D5-4311-86E5-D38FF5321374}.Release|iPhoneSimulator.Build.0 = Release|x86
		{88ADA8B6-B3D5-4311-86E5-D38FF5321374}.Release|iPhoneSimulator.Deploy.0 = Release|x86
		{88ADA8B6-B3D5-4311-86E5-D38FF5321374}.Release|x64.ActiveCfg = Release|x64
		{88ADA8B6-B3D5-4311-86E5-D38FF5321374}.Release|x64.Build.0 = Release|x64
		{88ADA8B6-B3D5-4311-86E5-D38FF5321374}.Release|x64.Deploy.0 = Release|x64
		{88ADA8B6-B3D5-4311-86E5-D38FF5321374}.Release|x86.ActiveCfg = Release|x86
		{88ADA8B6-B3D5-4311-86E5-D38FF5321374}.Release|x86.Build.0 = Release|x86
		{88ADA8B6-B3D5-4311-86E5-D38FF5321374}.Release|x86.Deploy.0 = Release|x86
		{F5D2DFCE-C525-44B4-9212-48161CDD0318}.Ad-Hoc|Any CPU.ActiveCfg = Debug|Any CPU
		{F5D2DFCE-C525-44B4-9212-48161CDD0318}.Ad-Hoc|Any CPU.Build.0 = Debug|Any CPU
		{F5D2DFCE-C525-44B4-9212-48161CDD0318}.Ad-Hoc|Any CPU.Deploy.0 = Debug|Any CPU
		{F5D2DFCE-C525-44B4-9212-48161CDD0318}.Ad-Hoc|ARM.ActiveCfg = Debug|Any CPU
		{F5D2DFCE-C525-44B4-9212-48161CDD0318}.Ad-Hoc|ARM.Build.0 = Debug|Any CPU
		{F5D2DFCE-C525-44B4-9212-48161CDD0318}.Ad-Hoc|ARM.Deploy.0 = Debug|Any CPU
		{F5D2DFCE-C525-44B4-9212-48161CDD0318}.Ad-Hoc|iPhone.ActiveCfg = Debug|Any CPU
		{F5D2DFCE-C525-44B4-9212-48161CDD0318}.Ad-Hoc|iPhone.Build.0 = Debug|Any CPU
		{F5D2DFCE-C525-44B4-9212-48161CDD0318}.Ad-Hoc|iPhone.Deploy.0 = Debug|Any CPU
		{F5D2DFCE-C525-44B4-9212-48161CDD0318}.Ad-Hoc|iPhoneSimulator.ActiveCfg = Debug|Any CPU
		{F5D2DFCE-C525-44B4-9212-48161CDD0318}.Ad-Hoc|iPhoneSimulator.Build.0 = Debug|Any CPU
		{F5D2DFCE-C525-44B4-9212-48161CDD0318}.Ad-Hoc|iPhoneSimulator.Deploy.0 = Debug|Any CPU
		{F5D2DFCE-C525-44B4-9212-48161CDD0318}.Ad-Hoc|x64.ActiveCfg = Debug|Any CPU
		{F5D2DFCE-C525-44B4-9212-48161CDD0318}.Ad-Hoc|x64.Build.0 = Debug|Any CPU
		{F5D2DFCE-C525-44B4-9212-48161CDD0318}.Ad-Hoc|x64.Deploy.0 = Debug|Any CPU
		{F5D2DFCE-C525-44B4-9212-48161CDD0318}.Ad-Hoc|x86.ActiveCfg = Debug|Any CPU
		{F5D2DFCE-C525-44B4-9212-48161CDD0318}.Ad-Hoc|x86.Build.0 = Debug|Any CPU
		{F5D2DFCE-C525-44B4-9212-48161CDD0318}.Ad-Hoc|x86.Deploy.0 = Debug|Any CPU
		{F5D2DFCE-C525-44B4-9212-48161CDD0318}.AppStore|Any CPU.ActiveCfg = Debug|Any CPU
		{F5D2DFCE-C525-44B4-9212-48161CDD0318}.AppStore|Any CPU.Build.0 = Debug|Any CPU
		{F5D2DFCE-C525-44B4-9212-48161CDD0318}.AppStore|Any CPU.Deploy.0 = Debug|Any CPU
		{F5D2DFCE-C525-44B4-9212-48161CDD0318}.AppStore|ARM.ActiveCfg = Debug|Any CPU
		{F5D2DFCE-C525-44B4-9212-48161CDD0318}.AppStore|ARM.Build.0 = Debug|Any CPU
		{F5D2DFCE-C525-44B4-9212-48161CDD0318}.AppStore|ARM.Deploy.0 = Debug|Any CPU
		{F5D2DFCE-C525-44B4-9212-48161CDD0318}.AppStore|iPhone.ActiveCfg = Debug|Any CPU
		{F5D2DFCE-C525-44B4-9212-48161CDD0318}.AppStore|iPhone.Build.0 = Debug|Any CPU
		{F5D2DFCE-C525-44B4-9212-48161CDD0318}.AppStore|iPhone.Deploy.0 = Debug|Any CPU
		{F5D2DFCE-C525-44B4-9212-48161CDD0318}.AppStore|iPhoneSimulator.ActiveCfg = Debug|Any CPU
		{F5D2DFCE-C525-44B4-9212-48161CDD0318}.AppStore|iPhoneSimulator.Build.0 = Debug|Any CPU
		{F5D2DFCE-C525-44B4-9212-48161CDD0318}.AppStore|iPhoneSimulator.Deploy.0 = Debug|Any CPU
		{F5D2DFCE-C525-44B4-9212-48161CDD0318}.AppStore|x64.ActiveCfg = Debug|Any CPU
		{F5D2DFCE-C525-44B4-9212-48161CDD0318}.AppStore|x64.Build.0 = Debug|Any CPU
		{F5D2DFCE-C525-44B4-9212-48161CDD0318}.AppStore|x64.Deploy.0 = Debug|Any CPU
		{F5D2DFCE-C525-44B4-9212-48161CDD0318}.AppStore|x86.ActiveCfg = Debug|Any CPU
		{F5D2DFCE-C525-44B4-9212-48161CDD0318}.AppStore|x86.Build.0 = Debug|Any CPU
		{F5D2DFCE-C525-44B4-9212-48161CDD0318}.AppStore|x86.Deploy.0 = Debug|Any CPU
		{F5D2DFCE-C525-44B4-9212-48161CDD0318}.Debug|Any CPU.ActiveCfg = Debug|Any CPU
		{F5D2DFCE-C525-44B4-9212-48161CDD0318}.Debug|Any CPU.Build.0 = Debug|Any CPU
		{F5D2DFCE-C525-44B4-9212-48161CDD0318}.Debug|Any CPU.Deploy.0 = Debug|Any CPU
		{F5D2DFCE-C525-44B4-9212-48161CDD0318}.Debug|ARM.ActiveCfg = Debug|Any CPU
		{F5D2DFCE-C525-44B4-9212-48161CDD0318}.Debug|ARM.Build.0 = Debug|Any CPU
		{F5D2DFCE-C525-44B4-9212-48161CDD0318}.Debug|ARM.Deploy.0 = Debug|Any CPU
		{F5D2DFCE-C525-44B4-9212-48161CDD0318}.Debug|iPhone.ActiveCfg = Debug|Any CPU
		{F5D2DFCE-C525-44B4-9212-48161CDD0318}.Debug|iPhone.Build.0 = Debug|Any CPU
		{F5D2DFCE-C525-44B4-9212-48161CDD0318}.Debug|iPhone.Deploy.0 = Debug|Any CPU
		{F5D2DFCE-C525-44B4-9212-48161CDD0318}.Debug|iPhoneSimulator.ActiveCfg = Debug|Any CPU
		{F5D2DFCE-C525-44B4-9212-48161CDD0318}.Debug|iPhoneSimulator.Build.0 = Debug|Any CPU
		{F5D2DFCE-C525-44B4-9212-48161CDD0318}.Debug|iPhoneSimulator.Deploy.0 = Debug|Any CPU
		{F5D2DFCE-C525-44B4-9212-48161CDD0318}.Debug|x64.ActiveCfg = Debug|Any CPU
		{F5D2DFCE-C525-44B4-9212-48161CDD0318}.Debug|x64.Build.0 = Debug|Any CPU
		{F5D2DFCE-C525-44B4-9212-48161CDD0318}.Debug|x64.Deploy.0 = Debug|Any CPU
		{F5D2DFCE-C525-44B4-9212-48161CDD0318}.Debug|x86.ActiveCfg = Debug|Any CPU
		{F5D2DFCE-C525-44B4-9212-48161CDD0318}.Debug|x86.Build.0 = Debug|Any CPU
		{F5D2DFCE-C525-44B4-9212-48161CDD0318}.Debug|x86.Deploy.0 = Debug|Any CPU
		{F5D2DFCE-C525-44B4-9212-48161CDD0318}.Release|Any CPU.ActiveCfg = Release|Any CPU
		{F5D2DFCE-C525-44B4-9212-48161CDD0318}.Release|Any CPU.Build.0 = Release|Any CPU
		{F5D2DFCE-C525-44B4-9212-48161CDD0318}.Release|Any CPU.Deploy.0 = Release|Any CPU
		{F5D2DFCE-C525-44B4-9212-48161CDD0318}.Release|ARM.ActiveCfg = Release|Any CPU
		{F5D2DFCE-C525-44B4-9212-48161CDD0318}.Release|ARM.Build.0 = Release|Any CPU
		{F5D2DFCE-C525-44B4-9212-48161CDD0318}.Release|ARM.Deploy.0 = Release|Any CPU
		{F5D2DFCE-C525-44B4-9212-48161CDD0318}.Release|iPhone.ActiveCfg = Release|Any CPU
		{F5D2DFCE-C525-44B4-9212-48161CDD0318}.Release|iPhone.Build.0 = Release|Any CPU
		{F5D2DFCE-C525-44B4-9212-48161CDD0318}.Release|iPhone.Deploy.0 = Release|Any CPU
		{F5D2DFCE-C525-44B4-9212-48161CDD0318}.Release|iPhoneSimulator.ActiveCfg = Release|Any CPU
		{F5D2DFCE-C525-44B4-9212-48161CDD0318}.Release|iPhoneSimulator.Build.0 = Release|Any CPU
		{F5D2DFCE-C525-44B4-9212-48161CDD0318}.Release|iPhoneSimulator.Deploy.0 = Release|Any CPU
		{F5D2DFCE-C525-44B4-9212-48161CDD0318}.Release|x64.ActiveCfg = Release|Any CPU
		{F5D2DFCE-C525-44B4-9212-48161CDD0318}.Release|x64.Build.0 = Release|Any CPU
		{F5D2DFCE-C525-44B4-9212-48161CDD0318}.Release|x64.Deploy.0 = Release|Any CPU
		{F5D2DFCE-C525-44B4-9212-48161CDD0318}.Release|x86.ActiveCfg = Release|Any CPU
		{F5D2DFCE-C525-44B4-9212-48161CDD0318}.Release|x86.Build.0 = Release|Any CPU
		{F5D2DFCE-C525-44B4-9212-48161CDD0318}.Release|x86.Deploy.0 = Release|Any CPU
	EndGlobalSection
	GlobalSection(SolutionProperties) = preSolution
		HideSolutionNode = FALSE
	EndGlobalSection
	GlobalSection(ExtensibilityGlobals) = postSolution
		SolutionGuid = {26CDDBC3-E19D-4569-BC46-325CCC03E1FD}
	EndGlobalSection
EndGlobal
